
Microsoft Visual Studio Solution File, Format Version 12.00
# Visual Studio Version 16
VisualStudioVersion = 16.0.29911.84
MinimumVisualStudioVersion = 10.0.40219.1
Project("{9A19103F-16F7-4668-BE54-9A1E7A4F7556}") = "Lector", "Lector\Lector.csproj", "{D67357E4-1F59-4148-A8E7-5CA50E4C8107}"
EndProject
Global
	GlobalSection(SolutionConfigurationPlatforms) = preSolution
		Debug|Any CPU = Debug|Any CPU
		Release|Any CPU = Release|Any CPU
	EndGlobalSection
	GlobalSection(ProjectConfigurationPlatforms) = postSolution
		{D67357E4-1F59-4148-A8E7-5CA50E4C8107}.Debug|Any CPU.ActiveCfg = Debug|Any CPU
		{D67357E4-1F59-4148-A8E7-5CA50E4C8107}.Debug|Any CPU.Build.0 = Debug|Any CPU
		{D67357E4-1F59-4148-A8E7-5CA50E4C8107}.Release|Any CPU.ActiveCfg = Release|Any CPU
		{D67357E4-1F59-4148-A8E7-5CA50E4C8107}.Release|Any CPU.Build.0 = Release|Any CPU
	EndGlobalSection
	GlobalSection(SolutionProperties) = preSolution
		HideSolutionNode = FALSE
	EndGlobalSection
	GlobalSection(ExtensibilityGlobals) = postSolution
		SolutionGuid = {3D5B968A-9450-4F6E-83EA-508284A8F109}
	EndGlobalSection
EndGlobal
